
Microsoft Visual Studio Solution File, Format Version 12.00
# Visual Studio Version 17
VisualStudioVersion = 17.1.32210.238
MinimumVisualStudioVersion = 10.0.40219.1
Project("{2150E333-8FDC-42A3-9474-1A3956D46DE8}") = "FrontEnd", "FrontEnd", "{C24C90C2-A115-4AD7-99A7-6D90170BA483}"
EndProject
Project("{2150E333-8FDC-42A3-9474-1A3956D46DE8}") = "Services", "Services", "{0C53F857-84F7-4EFD-8952-6782823E17FE}"
EndProject
Project("{9A19103F-16F7-4668-BE54-9A1E7A4F7556}") = "GeekShopping.Web", "GeekShopping.Web\GeekShopping.Web.csproj", "{F48DB17C-C80B-4BDB-8D89-8426B057BBC3}"
EndProject
Project("{9A19103F-16F7-4668-BE54-9A1E7A4F7556}") = "GeekShopping.ProductAPI", "GeekShopping.ProductAPI\GeekShopping.ProductAPI.csproj", "{379809DB-DD33-418C-BC13-60FECA4B96DA}"
EndProject
Project("{9A19103F-16F7-4668-BE54-9A1E7A4F7556}") = "GeekShopping.IdentityServer", "GeekShopping.IdentityServer\GeekShopping.IdentityServer.csproj", "{7C582AC1-8365-42C7-BC2A-637C06878077}"
EndProject
Project("{9A19103F-16F7-4668-BE54-9A1E7A4F7556}") = "GeekShopping.CartAPI", "GeekShopping.CartAPI\GeekShopping.CartAPI.csproj", "{021788FE-302A-4ABB-94AF-47263D452C23}"
EndProject
Project("{9A19103F-16F7-4668-BE54-9A1E7A4F7556}") = "GeekShopping.CouponAPI", "GeekShopping.CouponAPI\GeekShopping.CouponAPI.csproj", "{0097939E-02AD-4DF1-A2C1-28A2EABDF9D2}"
EndProject
Project("{2150E333-8FDC-42A3-9474-1A3956D46DE8}") = "Integration", "Integration", "{DC1E3459-45D1-491D-A251-FF2BF05E0512}"
EndProject
Project("{9A19103F-16F7-4668-BE54-9A1E7A4F7556}") = "GeekShopping.MessageBus", "GeekShopping.MessageBus\GeekShopping.MessageBus.csproj", "{2E819E5E-9126-4E92-90AD-590C466D4D62}"
EndProject
Project("{9A19103F-16F7-4668-BE54-9A1E7A4F7556}") = "GeekShopping.OrderAPI", "GeekShopping.OrderAPI\GeekShopping.OrderAPI.csproj", "{181A56CE-BB2F-44B4-93BC-7F4D9D062FB7}"
EndProject
Project("{2150E333-8FDC-42A3-9474-1A3956D46DE8}") = "Payments", "Payments", "{E409E6A4-5E6E-4B8B-8D7C-B99BF57D66DF}"
EndProject
Project("{9A19103F-16F7-4668-BE54-9A1E7A4F7556}") = "GeekShopping.PaymentProcessor", "GeekShopping.PaymentProcessor\GeekShopping.PaymentProcessor.csproj", "{A87F6A9A-3732-4023-B36E-6EE6088611A7}"
EndProject
Project("{9A19103F-16F7-4668-BE54-9A1E7A4F7556}") = "GeekShopping.PaymentAPI", "GeekShopping.PaymentAPI\GeekShopping.PaymentAPI.csproj", "{CB2572D4-1F90-48AB-8BD0-A85917969581}"
EndProject
Project("{9A19103F-16F7-4668-BE54-9A1E7A4F7556}") = "GeekShopping.Email", "GeekShopping.Email\GeekShopping.Email.csproj", "{EB387A30-9F1F-41A7-B714-6EF7909714D1}"
EndProject
Project("{2150E333-8FDC-42A3-9474-1A3956D46DE8}") = "Gateway", "Gateway", "{67C22840-7207-4FB0-9D68-C2221DB626DF}"
EndProject
Project("{FAE04EC0-301F-11D3-BF4B-00C04F79EFBC}") = "GeekShopping.APIGateway", "GeekShopping.APIGateway\GeekShopping.APIGateway.csproj", "{ABCDC5CB-52BA-4AD2-86B9-5B8CBB19B080}"
EndProject
Global
	GlobalSection(SolutionConfigurationPlatforms) = preSolution
		Debug|Any CPU = Debug|Any CPU
		Release|Any CPU = Release|Any CPU
	EndGlobalSection
	GlobalSection(ProjectConfigurationPlatforms) = postSolution
		{F48DB17C-C80B-4BDB-8D89-8426B057BBC3}.Debug|Any CPU.ActiveCfg = Debug|Any CPU
		{F48DB17C-C80B-4BDB-8D89-8426B057BBC3}.Debug|Any CPU.Build.0 = Debug|Any CPU
		{F48DB17C-C80B-4BDB-8D89-8426B057BBC3}.Release|Any CPU.ActiveCfg = Release|Any CPU
		{F48DB17C-C80B-4BDB-8D89-8426B057BBC3}.Release|Any CPU.Build.0 = Release|Any CPU
		{379809DB-DD33-418C-BC13-60FECA4B96DA}.Debug|Any CPU.ActiveCfg = Debug|Any CPU
		{379809DB-DD33-418C-BC13-60FECA4B96DA}.Debug|Any CPU.Build.0 = Debug|Any CPU
		{379809DB-DD33-418C-BC13-60FECA4B96DA}.Release|Any CPU.ActiveCfg = Release|Any CPU
		{379809DB-DD33-418C-BC13-60FECA4B96DA}.Release|Any CPU.Build.0 = Release|Any CPU
		{7C582AC1-8365-42C7-BC2A-637C06878077}.Debug|Any CPU.ActiveCfg = Debug|Any CPU
		{7C582AC1-8365-42C7-BC2A-637C06878077}.Debug|Any CPU.Build.0 = Debug|Any CPU
		{7C582AC1-8365-42C7-BC2A-637C06878077}.Release|Any CPU.ActiveCfg = Release|Any CPU
		{7C582AC1-8365-42C7-BC2A-637C06878077}.Release|Any CPU.Build.0 = Release|Any CPU
		{021788FE-302A-4ABB-94AF-47263D452C23}.Debug|Any CPU.ActiveCfg = Debug|Any CPU
		{021788FE-302A-4ABB-94AF-47263D452C23}.Debug|Any CPU.Build.0 = Debug|Any CPU
		{021788FE-302A-4ABB-94AF-47263D452C23}.Release|Any CPU.ActiveCfg = Release|Any CPU
		{021788FE-302A-4ABB-94AF-47263D452C23}.Release|Any CPU.Build.0 = Release|Any CPU
		{0097939E-02AD-4DF1-A2C1-28A2EABDF9D2}.Debug|Any CPU.ActiveCfg = Debug|Any CPU
		{0097939E-02AD-4DF1-A2C1-28A2EABDF9D2}.Debug|Any CPU.Build.0 = Debug|Any CPU
		{0097939E-02AD-4DF1-A2C1-28A2EABDF9D2}.Release|Any CPU.ActiveCfg = Release|Any CPU
		{0097939E-02AD-4DF1-A2C1-28A2EABDF9D2}.Release|Any CPU.Build.0 = Release|Any CPU
		{2E819E5E-9126-4E92-90AD-590C466D4D62}.Debug|Any CPU.ActiveCfg = Debug|Any CPU
		{2E819E5E-9126-4E92-90AD-590C466D4D62}.Debug|Any CPU.Build.0 = Debug|Any CPU
		{2E819E5E-9126-4E92-90AD-590C466D4D62}.Release|Any CPU.ActiveCfg = Release|Any CPU
		{2E819E5E-9126-4E92-90AD-590C466D4D62}.Release|Any CPU.Build.0 = Release|Any CPU
		{181A56CE-BB2F-44B4-93BC-7F4D9D062FB7}.Debug|Any CPU.ActiveCfg = Debug|Any CPU
		{181A56CE-BB2F-44B4-93BC-7F4D9D062FB7}.Debug|Any CPU.Build.0 = Debug|Any CPU
		{181A56CE-BB2F-44B4-93BC-7F4D9D062FB7}.Release|Any CPU.ActiveCfg = Release|Any CPU
		{181A56CE-BB2F-44B4-93BC-7F4D9D062FB7}.Release|Any CPU.Build.0 = Release|Any CPU
		{A87F6A9A-3732-4023-B36E-6EE6088611A7}.Debug|Any CPU.ActiveCfg = Debug|Any CPU
		{A87F6A9A-3732-4023-B36E-6EE6088611A7}.Debug|Any CPU.Build.0 = Debug|Any CPU
		{A87F6A9A-3732-4023-B36E-6EE6088611A7}.Release|Any CPU.ActiveCfg = Release|Any CPU
		{A87F6A9A-3732-4023-B36E-6EE6088611A7}.Release|Any CPU.Build.0 = Release|Any CPU
		{CB2572D4-1F90-48AB-8BD0-A85917969581}.Debug|Any CPU.ActiveCfg = Debug|Any CPU
		{CB2572D4-1F90-48AB-8BD0-A85917969581}.Debug|Any CPU.Build.0 = Debug|Any CPU
		{CB2572D4-1F90-48AB-8BD0-A85917969581}.Release|Any CPU.ActiveCfg = Release|Any CPU
		{CB2572D4-1F90-48AB-8BD0-A85917969581}.Release|Any CPU.Build.0 = Release|Any CPU
		{EB387A30-9F1F-41A7-B714-6EF7909714D1}.Debug|Any CPU.ActiveCfg = Debug|Any CPU
		{EB387A30-9F1F-41A7-B714-6EF7909714D1}.Debug|Any CPU.Build.0 = Debug|Any CPU
		{EB387A30-9F1F-41A7-B714-6EF7909714D1}.Release|Any CPU.ActiveCfg = Release|Any CPU
		{EB387A30-9F1F-41A7-B714-6EF7909714D1}.Release|Any CPU.Build.0 = Release|Any CPU
		{ABCDC5CB-52BA-4AD2-86B9-5B8CBB19B080}.Debug|Any CPU.ActiveCfg = Debug|Any CPU
		{ABCDC5CB-52BA-4AD2-86B9-5B8CBB19B080}.Debug|Any CPU.Build.0 = Debug|Any CPU
		{ABCDC5CB-52BA-4AD2-86B9-5B8CBB19B080}.Release|Any CPU.ActiveCfg = Release|Any CPU
		{ABCDC5CB-52BA-4AD2-86B9-5B8CBB19B080}.Release|Any CPU.Build.0 = Release|Any CPU
	EndGlobalSection
	GlobalSection(SolutionProperties) = preSolution
		HideSolutionNode = FALSE
	EndGlobalSection
	GlobalSection(NestedProjects) = preSolution
		{F48DB17C-C80B-4BDB-8D89-8426B057BBC3} = {C24C90C2-A115-4AD7-99A7-6D90170BA483}
		{379809DB-DD33-418C-BC13-60FECA4B96DA} = {0C53F857-84F7-4EFD-8952-6782823E17FE}
		{7C582AC1-8365-42C7-BC2A-637C06878077} = {0C53F857-84F7-4EFD-8952-6782823E17FE}
		{021788FE-302A-4ABB-94AF-47263D452C23} = {0C53F857-84F7-4EFD-8952-6782823E17FE}
		{0097939E-02AD-4DF1-A2C1-28A2EABDF9D2} = {0C53F857-84F7-4EFD-8952-6782823E17FE}
		{2E819E5E-9126-4E92-90AD-590C466D4D62} = {DC1E3459-45D1-491D-A251-FF2BF05E0512}
		{181A56CE-BB2F-44B4-93BC-7F4D9D062FB7} = {0C53F857-84F7-4EFD-8952-6782823E17FE}
		{A87F6A9A-3732-4023-B36E-6EE6088611A7} = {E409E6A4-5E6E-4B8B-8D7C-B99BF57D66DF}
		{CB2572D4-1F90-48AB-8BD0-A85917969581} = {0C53F857-84F7-4EFD-8952-6782823E17FE}
		{EB387A30-9F1F-41A7-B714-6EF7909714D1} = {0C53F857-84F7-4EFD-8952-6782823E17FE}
		{ABCDC5CB-52BA-4AD2-86B9-5B8CBB19B080} = {67C22840-7207-4FB0-9D68-C2221DB626DF}
	EndGlobalSection
	GlobalSection(ExtensibilityGlobals) = postSolution
		SolutionGuid = {3B223ED4-3B9D-4C4C-B095-5DA38BF14655}
	EndGlobalSection
EndGlobal
